// !$*UTF8*$!
{
	archiveVersion = 1;
	classes = {
	};
	objectVersion = 48;
	objects = {

/* Begin PBXBuildFile section */
		CAFAA9161FE6FC2A00F47AFF /* AppDelegate.swift in Sources */ = {isa = PBXBuildFile; fileRef = CAFAA9151FE6FC2A00F47AFF /* AppDelegate.swift */; };
		CAFAA9181FE6FC2A00F47AFF /* ViewController.swift in Sources */ = {isa = PBXBuildFile; fileRef = CAFAA9171FE6FC2A00F47AFF /* ViewController.swift */; };
		CAFAA91B1FE6FC2A00F47AFF /* Main.storyboard in Resources */ = {isa = PBXBuildFile; fileRef = CAFAA9191FE6FC2A00F47AFF /* Main.storyboard */; };
		CAFAA91D1FE6FC2A00F47AFF /* Assets.xcassets in Resources */ = {isa = PBXBuildFile; fileRef = CAFAA91C1FE6FC2A00F47AFF /* Assets.xcassets */; };
		CAFAA9201FE6FC2A00F47AFF /* LaunchScreen.storyboard in Resources */ = {isa = PBXBuildFile; fileRef = CAFAA91E1FE6FC2A00F47AFF /* LaunchScreen.storyboard */; };
/* End PBXBuildFile section */

/* Begin PBXFileReference section */
		CAFAA9121FE6FC2A00F47AFF /* BTJoy.app */ = {isa = PBXFileReference; explicitFileType = wrapper.application; includeInIndex = 0; path = BTJoy.app; sourceTree = BUILT_PRODUCTS_DIR; };
		CAFAA9151FE6FC2A00F47AFF /* AppDelegate.swift */ = {isa = PBXFileReference; lastKnownFileType = sourcecode.swift; path = AppDelegate.swift; sourceTree = "<group>"; };
		CAFAA9171FE6FC2A00F47AFF /* ViewController.swift */ = {isa = PBXFileReference; lastKnownFileType = sourcecode.swift; path = ViewController.swift; sourceTree = "<group>"; };
		CAFAA91A1FE6FC2A00F47AFF /* Base */ = {isa = PBXFileReference; lastKnownFileType = file.storyboard; name = Base; path = Base.lproj/Main.storyboard; sourceTree = "<group>"; };
		CAFAA91C1FE6FC2A00F47AFF /* Assets.xcassets */ = {isa = PBXFileReference; lastKnownFileType = folder.assetcatalog; path = Assets.xcassets; sourceTree = "<group>"; };
		CAFAA91F1FE6FC2A00F47AFF /* Base */ = {isa = PBXFileReference; lastKnownFileType = file.storyboard; name = Base; path = Base.lproj/LaunchScreen.storyboard; sourceTree = "<group>"; };
		CAFAA9211FE6FC2A00F47AFF /* Info.plist */ = {isa = PBXFileReference; lastKnownFileType = text.plist.xml; path = Info.plist; sourceTree = "<group>"; };
/* End PBXFileReference section */

/* Begin PBXFrameworksBuildPhase section */
		CAFAA90F1FE6FC2A00F47AFF /* Frameworks */ = {
			isa = PBXFrameworksBuildPhase;
			buildActionMask = 2147483647;
			files = (
			);
			runOnlyForDeploymentPostprocessing = 0;
		};
/* End PBXFrameworksBuildPhase section */

/* Begin PBXGroup section */
		CAFAA9091FE6FC2A00F47AFF = {
			isa = PBXGroup;
			children = (
				CAFAA9141FE6FC2A00F47AFF /* BTJoy */,
				CAFAA9131FE6FC2A00F47AFF /* Products */,
			);
			sourceTree = "<group>";
		};
		CAFAA9131FE6FC2A00F47AFF /* Products */ = {
			isa = PBXGroup;
			children = (
				CAFAA9121FE6FC2A00F47AFF /* BTJoy.app */,
			);
			name = Products;
			sourceTree = "<group>";
		};
		CAFAA9141FE6FC2A00F47AFF /* BTJoy */ = {
			isa = PBXGroup;
			children = (
				CAFAA9151FE6FC2A00F47AFF /* AppDelegate.swift */,
				CAFAA9171FE6FC2A00F47AFF /* ViewController.swift */,
				CAFAA9191FE6FC2A00F47AFF /* Main.storyboard */,
				CAFAA91C1FE6FC2A00F47AFF /* Assets.xcassets */,
				CAFAA91E1FE6FC2A00F47AFF /* LaunchScreen.storyboard */,
				CAFAA9211FE6FC2A00F47AFF /* Info.plist */,
			);
			path = BTJoy;
			sourceTree = "<group>";
		};
/* End PBXGroup section */

/* Begin PBXNativeTarget section */
		CAFAA9111FE6FC2A00F47AFF /* BTJoy */ = {
			isa = PBXNativeTarget;
			buildConfigurationList = CAFAA9241FE6FC2A00F47AFF /* Build configuration list for PBXNativeTarget "BTJoy" */;
			buildPhases = (
				CAFAA90E1FE6FC2A00F47AFF /* Sources */,
				CAFAA90F1FE6FC2A00F47AFF /* Frameworks */,
				CAFAA9101FE6FC2A00F47AFF /* Resources */,
			);
			buildRules = (
			);
			dependencies = (
			);
			name = BTJoy;
			productName = BTJoy;
			productReference = CAFAA9121FE6FC2A00F47AFF /* BTJoy.app */;
			productType = "com.apple.product-type.application";
		};
/* End PBXNativeTarget section */

/* Begin PBXProject section */
		CAFAA90A1FE6FC2A00F47AFF /* Project object */ = {
			isa = PBXProject;
			attributes = {
				LastSwiftUpdateCheck = 0920;
				LastUpgradeCheck = 0920;
				ORGANIZATIONNAME = ideiasmob;
				TargetAttributes = {
					CAFAA9111FE6FC2A00F47AFF = {
						CreatedOnToolsVersion = 9.2;
						ProvisioningStyle = Automatic;
					};
				};
			};
			buildConfigurationList = CAFAA90D1FE6FC2A00F47AFF /* Build configuration list for PBXProject "BTJoy" */;
			compatibilityVersion = "Xcode 8.0";
			developmentRegion = en;
			hasScannedForEncodings = 0;
			knownRegions = (
				en,
				Base,
			);
			mainGroup = CAFAA9091FE6FC2A00F47AFF;
			productRefGroup = CAFAA9131FE6FC2A00F47AFF /* Products */;
			projectDirPath = "";
			projectRoot = "";
			targets = (
				CAFAA9111FE6FC2A00F47AFF /* BTJoy */,
			);
		};
/* End PBXProject section */

/* Begin PBXResourcesBuildPhase section */
		CAFAA9101FE6FC2A00F47AFF /* Resources */ = {
			isa = PBXResourcesBuildPhase;
			buildActionMask = 2147483647;
			files = (
				CAFAA9201FE6FC2A00F47AFF /* LaunchScreen.storyboard in Resources */,
				CAFAA91D1FE6FC2A00F47AFF /* Assets.xcassets in Resources */,
				CAFAA91B1FE6FC2A00F47AFF /* Main.storyboard in Resources */,
			);
			runOnlyForDeploymentPostprocessing = 0;
		};
/* End PBXResourcesBuildPhase section */

/* Begin PBXSourcesBuildPhase section */
		CAFAA90E1FE6FC2A00F47AFF /* Sources */ = {
			isa = PBXSourcesBuildPhase;
			buildActionMask = 2147483647;
			files = (
				CAFAA9181FE6FC2A00F47AFF /* ViewController.swift in Sources */,
				CAFAA9161FE6FC2A00F47AFF /* AppDelegate.swift in Sources */,
			);
			runOnlyForDeploymentPostprocessing = 0;
		};
/* End PBXSourcesBuildPhase section */

/* Begin PBXVariantGroup section */
		CAFAA9191FE6FC2A00F47AFF /* Main.storyboard */ = {
			isa = PBXVariantGroup;
			children = (
				CAFAA91A1FE6FC2A00F47AFF /* Base */,
			);
			name = Main.storyboard;
			sourceTree = "<group>";
		};
		CAFAA91E1FE6FC2A00F47AFF /* LaunchScreen.storyboard */ = {
			isa = PBXVariantGroup;
			children = (
				CAFAA91F1FE6FC2A00F47AFF /* Base */,
			);
			name = LaunchScreen.storyboard;
			sourceTree = "<group>";
		};
/* End PBXVariantGroup section */

/* Begin XCBuildConfiguration section */
		CAFAA9221FE6FC2A00F47AFF /* Debug */ = {
			isa = XCBuildConfiguration;
			buildSettings = {
				ALWAYS_SEARCH_USER_PATHS = NO;
				CLANG_ANALYZER_NONNULL = YES;
				CLANG_ANALYZER_NUMBER_OBJECT_CONVERSION = YES_AGGRESSIVE;
				CLANG_CXX_LANGUAGE_STANDARD = "gnu++14";
				CLANG_CXX_LIBRARY = "libc++";
				CLANG_ENABLE_MODULES = YES;
				CLANG_ENABLE_OBJC_ARC = YES;
				CLANG_WARN_BLOCK_CAPTURE_AUTORELEASING = YES;
				CLANG_WARN_BOOL_CONVERSION = YES;
				CLANG_WARN_COMMA = YES;
				CLANG_WARN_CONSTANT_CONVERSION = YES;
				CLANG_WARN_DIRECT_OBJC_ISA_USAGE = YES_ERROR;
				CLANG_WARN_DOCUMENTATION_COMMENTS = YES;
				CLANG_WARN_EMPTY_BODY = YES;
				CLANG_WARN_ENUM_CONVERSION = YES;
				CLANG_WARN_INFINITE_RECURSION = YES;
				CLANG_WARN_INT_CONVERSION = YES;
				CLANG_WARN_NON_LITERAL_NULL_CONVERSION = YES;
				CLANG_WARN_OBJC_LITERAL_CONVERSION = YES;
				CLANG_WARN_OBJC_ROOT_CLASS = YES_ERROR;
				CLANG_WARN_RANGE_LOOP_ANALYSIS = YES;
				CLANG_WARN_STRICT_PROTOTYPES = YES;
				CLANG_WARN_SUSPICIOUS_MOVE = YES;
				CLANG_WARN_UNGUARDED_AVAILABILITY = YES_AGGRESSIVE;
				CLANG_WARN_UNREACHABLE_CODE = YES;
				CLANG_WARN__DUPLICATE_METHOD_MATCH = YES;
				CODE_SIGN_IDENTITY = "iPhone Developer";
				COPY_PHASE_STRIP = NO;
				DEBUG_INFORMATION_FORMAT = dwarf;
				ENABLE_STRICT_OBJC_MSGSEND = YES;
				ENABLE_TESTABILITY = YES;
				GCC_C_LANGUAGE_STANDARD = gnu11;
				GCC_DYNAMIC_NO_PIC = NO;
				GCC_NO_COMMON_BLOCKS = YES;
				GCC_OPTIMIZATION_LEVEL = 0;
				GCC_PREPROCESSOR_DEFINITIONS = (
					"DEBUG=1",
					"$(inherited)",
				);
				GCC_WARN_64_TO_32_BIT_CONVERSION = YES;
				GCC_WARN_ABOUT_RETURN_TYPE = YES_ERROR;
				GCC_WARN_UNDECLARED_SELECTOR = YES;
				GCC_WARN_UNINITIALIZED_AUTOS = YES_AGGRESSIVE;
				GCC_WARN_UNUSED_FUNCTION = YES;
				GCC_WARN_UNUSED_VARIABLE = YES;
				IPHONEOS_DEPLOYMENT_TARGET = 11.2;
				MTL_ENABLE_DEBUG_INFO = YES;
				ONLY_ACTIVE_ARCH = YES;
				SDKROOT = iphoneos;
				SWIFT_ACTIVE_COMPILATION_CONDITIONS = DEBUG;
				SWIFT_OPTIMIZATION_LEVEL = "-Onone";
			};
			name = Debug;
		};
		CAFAA9231FE6FC2A00F47AFF /* Release */ = {
			isa = XCBuildConfiguration;
			buildSettings = {
				ALWAYS_SEARCH_USER_PATHS = NO;
				CLANG_ANALYZER_NONNULL = YES;
				CLANG_ANALYZER_NUMBER_OBJECT_CONVERSION = YES_AGGRESSIVE;
				CLANG_CXX_LANGUAGE_STANDARD = "gnu++14";
				CLANG_CXX_LIBRARY = "libc++";
				CLANG_ENABLE_MODULES = YES;
				CLANG_ENABLE_OBJC_ARC = YES;
				CLANG_WARN_BLOCK_CAPTURE_AUTORELEASING = YES;
				CLANG_WARN_BOOL_CONVERSION = YES;
				CLANG_WARN_COMMA = YES;
				CLANG_WARN_CONSTANT_CONVERSION = YES;
				CLANG_WARN_DIRECT_OBJC_ISA_USAGE = YES_ERROR;
				CLANG_WARN_DOCUMENTATION_COMMENTS = YES;
				CLANG_WARN_EMPTY_BODY = YES;
				CLANG_WARN_ENUM_CONVERSION = YES;
				CLANG_WARN_INFINITE_RECURSION = YES;
				CLANG_WARN_INT_CONVERSION = YES;
				CLANG_WARN_NON_LITERAL_NULL_CONVERSION = YES;
				CLANG_WARN_OBJC_LITERAL_CONVERSION = YES;
				CLANG_WARN_OBJC_ROOT_CLASS = YES_ERROR;
				CLANG_WARN_RANGE_LOOP_ANALYSIS = YES;
				CLANG_WARN_STRICT_PROTOTYPES = YES;
				CLANG_WARN_SUSPICIOUS_MOVE = YES;
				CLANG_WARN_UNGUARDED_AVAILABILITY = YES_AGGRESSIVE;
				CLANG_WARN_UNREACHABLE_CODE = YES;
				CLANG_WARN__DUPLICATE_METHOD_MATCH = YES;
				CODE_SIGN_IDENTITY = "iPhone Developer";
				COPY_PHASE_STRIP = NO;
				DEBUG_INFORMATION_FORMAT = "dwarf-with-dsym";
				ENABLE_NS_ASSERTIONS = NO;
				ENABLE_STRICT_OBJC_MSGSEND = YES;
				GCC_C_LANGUAGE_STANDARD = gnu11;
				GCC_NO_COMMON_BLOCKS = YES;
				GCC_WARN_64_TO_32_BIT_CONVERSION = YES;
				GCC_WARN_ABOUT_RETURN_TYPE = YES_ERROR;
				GCC_WARN_UNDECLARED_SELECTOR = YES;
				GCC_WARN_UNINITIALIZED_AUTOS = YES_AGGRESSIVE;
				GCC_WARN_UNUSED_FUNCTION = YES;
				GCC_WARN_UNUSED_VARIABLE = YES;
				IPHONEOS_DEPLOYMENT_TARGET = 11.2;
				MTL_ENABLE_DEBUG_INFO = NO;
				SDKROOT = iphoneos;
				SWIFT_OPTIMIZATION_LEVEL = "-Owholemodule";
				VALIDATE_PRODUCT = YES;
			};
			name = Release;
		};
		CAFAA9251FE6FC2A00F47AFF /* Debug */ = {
			isa = XCBuildConfiguration;
			buildSettings = {
				ASSETCATALOG_COMPILER_APPICON_NAME = AppIcon;
				CODE_SIGN_STYLE = Automatic;
				DEVELOPMENT_TEAM = J644ES25W5;
				INFOPLIST_FILE = BTJoy/Info.plist;
				LD_RUNPATH_SEARCH_PATHS = "$(inherited) @executable_path/Frameworks";
				PRODUCT_BUNDLE_IDENTIFIER = br.eti.claudiocastro.BTJoy;
				PRODUCT_NAME = "$(TARGET_NAME)";
				SWIFT_VERSION = 4.0;
				TARGETED_DEVICE_FAMILY = "1,2";
			};
			name = Debug;
		};
		CAFAA9261FE6FC2A00F47AFF /* Release */ = {
			isa = XCBuildConfiguration;
			buildSettings = {
				ASSETCATALOG_COMPILER_APPICON_NAME = AppIcon;
				CODE_SIGN_STYLE = Automatic;
				DEVELOPMENT_TEAM = J644ES25W5;
				INFOPLIST_FILE = BTJoy/Info.plist;
				LD_RUNPATH_SEARCH_PATHS = "$(inherited) @executable_path/Frameworks";
				PRODUCT_BUNDLE_IDENTIFIER = br.eti.claudiocastro.BTJoy;
				PRODUCT_NAME = "$(TARGET_NAME)";
				SWIFT_VERSION = 4.0;
				TARGETED_DEVICE_FAMILY = "1,2";
			};
			name = Release;
		};
/* End XCBuildConfiguration section */

/* Begin XCConfigurationList section */
		CAFAA90D1FE6FC2A00F47AFF /* Build configuration list for PBXProject "BTJoy" */ = {
			isa = XCConfigurationList;
			buildConfigurations = (
				CAFAA9221FE6FC2A00F47AFF /* Debug */,
				CAFAA9231FE6FC2A00F47AFF /* Release */,
			);
			defaultConfigurationIsVisible = 0;
			defaultConfigurationName = Release;
		};
		CAFAA9241FE6FC2A00F47AFF /* Build configuration list for PBXNativeTarget "BTJoy" */ = {
			isa = XCConfigurationList;
			buildConfigurations = (
				CAFAA9251FE6FC2A00F47AFF /* Debug */,
				CAFAA9261FE6FC2A00F47AFF /* Release */,
			);
			defaultConfigurationIsVisible = 0;
			defaultConfigurationName = Release;
		};
/* End XCConfigurationList section */
	};
	rootObject = CAFAA90A1FE6FC2A00F47AFF /* Project object */;
}
